
Microsoft Visual Studio Solution File, Format Version 12.00
# Visual Studio Version 17
VisualStudioVersion = 17.5.002.0
MinimumVisualStudioVersion = 10.0.40219.1
Project("{9A19103F-16F7-4668-BE54-9A1E7A4F7556}") = "Bloody_Roar_2.PersistenciaDapper", "Bloody_Roar_2.PersistenciaDapper\Bloody_Roar_2.PersistenciaDapper.csproj", "{F9272A09-1BE7-4684-B02C-8711A2545DB9}"
EndProject
Project("{9A19103F-16F7-4668-BE54-9A1E7A4F7556}") = "Bloody_Roar_2.PersistenciaDapper.Test", "Bloody_Roar_2.PersistenciaDapper.Test\Bloody_Roar_2.PersistenciaDapper.Test.csproj", "{947D9E02-7BD6-4A1D-84FC-AF79281F2876}"
EndProject
Project("{9A19103F-16F7-4668-BE54-9A1E7A4F7556}") = "Bloody_Roar_2", "Bloody_Roar_2\Bloody_Roar_2.csproj", "{9F4FCF09-D181-457E-A466-2D9C393A00B3}"
EndProject
Global
	GlobalSection(SolutionConfigurationPlatforms) = preSolution
		Debug|Any CPU = Debug|Any CPU
		Release|Any CPU = Release|Any CPU
	EndGlobalSection
	GlobalSection(ProjectConfigurationPlatforms) = postSolution
		{F9272A09-1BE7-4684-B02C-8711A2545DB9}.Debug|Any CPU.ActiveCfg = Debug|Any CPU
		{F9272A09-1BE7-4684-B02C-8711A2545DB9}.Debug|Any CPU.Build.0 = Debug|Any CPU
		{F9272A09-1BE7-4684-B02C-8711A2545DB9}.Release|Any CPU.ActiveCfg = Release|Any CPU
		{F9272A09-1BE7-4684-B02C-8711A2545DB9}.Release|Any CPU.Build.0 = Release|Any CPU
		{947D9E02-7BD6-4A1D-84FC-AF79281F2876}.Debug|Any CPU.ActiveCfg = Debug|Any CPU
		{947D9E02-7BD6-4A1D-84FC-AF79281F2876}.Debug|Any CPU.Build.0 = Debug|Any CPU
		{947D9E02-7BD6-4A1D-84FC-AF79281F2876}.Release|Any CPU.ActiveCfg = Release|Any CPU
		{947D9E02-7BD6-4A1D-84FC-AF79281F2876}.Release|Any CPU.Build.0 = Release|Any CPU
		{9F4FCF09-D181-457E-A466-2D9C393A00B3}.Debug|Any CPU.ActiveCfg = Debug|Any CPU
		{9F4FCF09-D181-457E-A466-2D9C393A00B3}.Debug|Any CPU.Build.0 = Debug|Any CPU
		{9F4FCF09-D181-457E-A466-2D9C393A00B3}.Release|Any CPU.ActiveCfg = Release|Any CPU
		{9F4FCF09-D181-457E-A466-2D9C393A00B3}.Release|Any CPU.Build.0 = Release|Any CPU
	EndGlobalSection
	GlobalSection(SolutionProperties) = preSolution
		HideSolutionNode = FALSE
	EndGlobalSection
	GlobalSection(ExtensibilityGlobals) = postSolution
		SolutionGuid = {E77C4CC6-B468-4370-B183-00F1C202AA8F}
	EndGlobalSection
EndGlobal
