
Microsoft Visual Studio Solution File, Format Version 12.00
# Visual Studio Version 17
VisualStudioVersion = 17.5.002.0
MinimumVisualStudioVersion = 10.0.40219.1
Project("{9A19103F-16F7-4668-BE54-9A1E7A4F7556}") = "Bloody_Roar_2.PersistenciaDapper", "Bloody_Roar_2.PersistenciaDapper\Bloody_Roar_2.PersistenciaDapper.csproj", "{E0C230BD-2215-4725-9164-5E42B9729E50}"
EndProject
Project("{9A19103F-16F7-4668-BE54-9A1E7A4F7556}") = "Bloody_Roar_2.PersistenciaDapper.Test", "Bloody_Roar_2.PersistenciaDapper.Test\Bloody_Roar_2.PersistenciaDapper.Test.csproj", "{B4D5FF12-0CB8-40CB-ACBF-745A8772A97D}"
EndProject
Project("{9A19103F-16F7-4668-BE54-9A1E7A4F7556}") = "Bloody_Roar_2", "Bloody_Roar_2\Bloody_Roar_2.csproj", "{C9C49FB1-C1FA-42EA-B295-C1497D6BD773}"
EndProject
Global
	GlobalSection(SolutionConfigurationPlatforms) = preSolution
		Debug|Any CPU = Debug|Any CPU
		Release|Any CPU = Release|Any CPU
	EndGlobalSection
	GlobalSection(ProjectConfigurationPlatforms) = postSolution
		{E0C230BD-2215-4725-9164-5E42B9729E50}.Debug|Any CPU.ActiveCfg = Debug|Any CPU
		{E0C230BD-2215-4725-9164-5E42B9729E50}.Debug|Any CPU.Build.0 = Debug|Any CPU
		{E0C230BD-2215-4725-9164-5E42B9729E50}.Release|Any CPU.ActiveCfg = Release|Any CPU
		{E0C230BD-2215-4725-9164-5E42B9729E50}.Release|Any CPU.Build.0 = Release|Any CPU
		{B4D5FF12-0CB8-40CB-ACBF-745A8772A97D}.Debug|Any CPU.ActiveCfg = Debug|Any CPU
		{B4D5FF12-0CB8-40CB-ACBF-745A8772A97D}.Debug|Any CPU.Build.0 = Debug|Any CPU
		{B4D5FF12-0CB8-40CB-ACBF-745A8772A97D}.Release|Any CPU.ActiveCfg = Release|Any CPU
		{B4D5FF12-0CB8-40CB-ACBF-745A8772A97D}.Release|Any CPU.Build.0 = Release|Any CPU
		{C9C49FB1-C1FA-42EA-B295-C1497D6BD773}.Debug|Any CPU.ActiveCfg = Debug|Any CPU
		{C9C49FB1-C1FA-42EA-B295-C1497D6BD773}.Debug|Any CPU.Build.0 = Debug|Any CPU
		{C9C49FB1-C1FA-42EA-B295-C1497D6BD773}.Release|Any CPU.ActiveCfg = Release|Any CPU
		{C9C49FB1-C1FA-42EA-B295-C1497D6BD773}.Release|Any CPU.Build.0 = Release|Any CPU
	EndGlobalSection
	GlobalSection(SolutionProperties) = preSolution
		HideSolutionNode = FALSE
	EndGlobalSection
	GlobalSection(ExtensibilityGlobals) = postSolution
		SolutionGuid = {E77C4CC6-B468-4370-B183-00F1C202AA8F}
	EndGlobalSection
EndGlobal
