
Microsoft Visual Studio Solution File, Format Version 12.00
# Visual Studio Version 17
VisualStudioVersion = 17.5.2.0
MinimumVisualStudioVersion = 10.0.40219.1
Project("{9A19103F-16F7-4668-BE54-9A1E7A4F7556}") = "Bloody_Roar_2", "Bloody_Roar_2\Bloody_Roar_2.csproj", "{7C9F929C-E3CD-4BD7-B2D6-E870DA405414}"
EndProject
Project("{9A19103F-16F7-4668-BE54-9A1E7A4F7556}") = "Bloody_Roar_2.PersistenciaDapper", "Bloody_Roar_2.PersistenciaDapper\Bloody_Roar_2.PersistenciaDapper.csproj", "{88A9D1DA-7360-439A-B14F-0CD6132185B7}"
EndProject
Project("{9A19103F-16F7-4668-BE54-9A1E7A4F7556}") = "Bloody_Roar_2.PersistenciaDapper.Test", "Bloody_Roar_2.PersistenciaDapper.Test\Bloody_Roar_2.PersistenciaDapper.Test.csproj", "{35CEAD52-87D2-426B-8B99-B8B40FDE97E0}"
EndProject
Project("{FAE04EC0-301F-11D3-BF4B-00C04F79EFBC}") = "MinimalAPI", "MinimalAPI\MinimalAPI.csproj", "{8722AA23-8A26-4A25-B9F0-43A163F3CC03}"
EndProject
Project("{FAE04EC0-301F-11D3-BF4B-00C04F79EFBC}") = "{TuProy}.MVC", "{TuProy}.MVC\{TuProy}.MVC.csproj", "{BE236D9A-83E0-4291-B26F-164D06AACE8D}"
EndProject
Global
	GlobalSection(SolutionConfigurationPlatforms) = preSolution
		Debug|Any CPU = Debug|Any CPU
		Debug|x64 = Debug|x64
		Debug|x86 = Debug|x86
		Release|Any CPU = Release|Any CPU
		Release|x64 = Release|x64
		Release|x86 = Release|x86
	EndGlobalSection
	GlobalSection(ProjectConfigurationPlatforms) = postSolution
		{7C9F929C-E3CD-4BD7-B2D6-E870DA405414}.Debug|Any CPU.ActiveCfg = Debug|Any CPU
		{7C9F929C-E3CD-4BD7-B2D6-E870DA405414}.Debug|Any CPU.Build.0 = Debug|Any CPU
		{7C9F929C-E3CD-4BD7-B2D6-E870DA405414}.Debug|x64.ActiveCfg = Debug|Any CPU
		{7C9F929C-E3CD-4BD7-B2D6-E870DA405414}.Debug|x64.Build.0 = Debug|Any CPU
		{7C9F929C-E3CD-4BD7-B2D6-E870DA405414}.Debug|x86.ActiveCfg = Debug|Any CPU
		{7C9F929C-E3CD-4BD7-B2D6-E870DA405414}.Debug|x86.Build.0 = Debug|Any CPU
		{7C9F929C-E3CD-4BD7-B2D6-E870DA405414}.Release|Any CPU.ActiveCfg = Release|Any CPU
		{7C9F929C-E3CD-4BD7-B2D6-E870DA405414}.Release|Any CPU.Build.0 = Release|Any CPU
		{7C9F929C-E3CD-4BD7-B2D6-E870DA405414}.Release|x64.ActiveCfg = Release|Any CPU
		{7C9F929C-E3CD-4BD7-B2D6-E870DA405414}.Release|x64.Build.0 = Release|Any CPU
		{7C9F929C-E3CD-4BD7-B2D6-E870DA405414}.Release|x86.ActiveCfg = Release|Any CPU
		{7C9F929C-E3CD-4BD7-B2D6-E870DA405414}.Release|x86.Build.0 = Release|Any CPU
		{88A9D1DA-7360-439A-B14F-0CD6132185B7}.Debug|Any CPU.ActiveCfg = Debug|Any CPU
		{88A9D1DA-7360-439A-B14F-0CD6132185B7}.Debug|Any CPU.Build.0 = Debug|Any CPU
		{88A9D1DA-7360-439A-B14F-0CD6132185B7}.Debug|x64.ActiveCfg = Debug|Any CPU
		{88A9D1DA-7360-439A-B14F-0CD6132185B7}.Debug|x64.Build.0 = Debug|Any CPU
		{88A9D1DA-7360-439A-B14F-0CD6132185B7}.Debug|x86.ActiveCfg = Debug|Any CPU
		{88A9D1DA-7360-439A-B14F-0CD6132185B7}.Debug|x86.Build.0 = Debug|Any CPU
		{88A9D1DA-7360-439A-B14F-0CD6132185B7}.Release|Any CPU.ActiveCfg = Release|Any CPU
		{88A9D1DA-7360-439A-B14F-0CD6132185B7}.Release|Any CPU.Build.0 = Release|Any CPU
		{88A9D1DA-7360-439A-B14F-0CD6132185B7}.Release|x64.ActiveCfg = Release|Any CPU
		{88A9D1DA-7360-439A-B14F-0CD6132185B7}.Release|x64.Build.0 = Release|Any CPU
		{88A9D1DA-7360-439A-B14F-0CD6132185B7}.Release|x86.ActiveCfg = Release|Any CPU
		{88A9D1DA-7360-439A-B14F-0CD6132185B7}.Release|x86.Build.0 = Release|Any CPU
		{35CEAD52-87D2-426B-8B99-B8B40FDE97E0}.Debug|Any CPU.ActiveCfg = Debug|Any CPU
		{35CEAD52-87D2-426B-8B99-B8B40FDE97E0}.Debug|Any CPU.Build.0 = Debug|Any CPU
		{35CEAD52-87D2-426B-8B99-B8B40FDE97E0}.Debug|x64.ActiveCfg = Debug|Any CPU
		{35CEAD52-87D2-426B-8B99-B8B40FDE97E0}.Debug|x64.Build.0 = Debug|Any CPU
		{35CEAD52-87D2-426B-8B99-B8B40FDE97E0}.Debug|x86.ActiveCfg = Debug|Any CPU
		{35CEAD52-87D2-426B-8B99-B8B40FDE97E0}.Debug|x86.Build.0 = Debug|Any CPU
		{35CEAD52-87D2-426B-8B99-B8B40FDE97E0}.Release|Any CPU.ActiveCfg = Release|Any CPU
		{35CEAD52-87D2-426B-8B99-B8B40FDE97E0}.Release|Any CPU.Build.0 = Release|Any CPU
		{35CEAD52-87D2-426B-8B99-B8B40FDE97E0}.Release|x64.ActiveCfg = Release|Any CPU
		{35CEAD52-87D2-426B-8B99-B8B40FDE97E0}.Release|x64.Build.0 = Release|Any CPU
		{35CEAD52-87D2-426B-8B99-B8B40FDE97E0}.Release|x86.ActiveCfg = Release|Any CPU
		{35CEAD52-87D2-426B-8B99-B8B40FDE97E0}.Release|x86.Build.0 = Release|Any CPU
		{8722AA23-8A26-4A25-B9F0-43A163F3CC03}.Debug|Any CPU.ActiveCfg = Debug|Any CPU
		{8722AA23-8A26-4A25-B9F0-43A163F3CC03}.Debug|Any CPU.Build.0 = Debug|Any CPU
		{8722AA23-8A26-4A25-B9F0-43A163F3CC03}.Debug|x64.ActiveCfg = Debug|Any CPU
		{8722AA23-8A26-4A25-B9F0-43A163F3CC03}.Debug|x64.Build.0 = Debug|Any CPU
		{8722AA23-8A26-4A25-B9F0-43A163F3CC03}.Debug|x86.ActiveCfg = Debug|Any CPU
		{8722AA23-8A26-4A25-B9F0-43A163F3CC03}.Debug|x86.Build.0 = Debug|Any CPU
		{8722AA23-8A26-4A25-B9F0-43A163F3CC03}.Release|Any CPU.ActiveCfg = Release|Any CPU
		{8722AA23-8A26-4A25-B9F0-43A163F3CC03}.Release|Any CPU.Build.0 = Release|Any CPU
		{8722AA23-8A26-4A25-B9F0-43A163F3CC03}.Release|x64.ActiveCfg = Release|Any CPU
		{8722AA23-8A26-4A25-B9F0-43A163F3CC03}.Release|x64.Build.0 = Release|Any CPU
		{8722AA23-8A26-4A25-B9F0-43A163F3CC03}.Release|x86.ActiveCfg = Release|Any CPU
		{8722AA23-8A26-4A25-B9F0-43A163F3CC03}.Release|x86.Build.0 = Release|Any CPU
		{BE236D9A-83E0-4291-B26F-164D06AACE8D}.Debug|Any CPU.ActiveCfg = Debug|Any CPU
		{BE236D9A-83E0-4291-B26F-164D06AACE8D}.Debug|Any CPU.Build.0 = Debug|Any CPU
		{BE236D9A-83E0-4291-B26F-164D06AACE8D}.Debug|x64.ActiveCfg = Debug|Any CPU
		{BE236D9A-83E0-4291-B26F-164D06AACE8D}.Debug|x64.Build.0 = Debug|Any CPU
		{BE236D9A-83E0-4291-B26F-164D06AACE8D}.Debug|x86.ActiveCfg = Debug|Any CPU
		{BE236D9A-83E0-4291-B26F-164D06AACE8D}.Debug|x86.Build.0 = Debug|Any CPU
		{BE236D9A-83E0-4291-B26F-164D06AACE8D}.Release|Any CPU.ActiveCfg = Release|Any CPU
		{BE236D9A-83E0-4291-B26F-164D06AACE8D}.Release|Any CPU.Build.0 = Release|Any CPU
		{BE236D9A-83E0-4291-B26F-164D06AACE8D}.Release|x64.ActiveCfg = Release|Any CPU
		{BE236D9A-83E0-4291-B26F-164D06AACE8D}.Release|x64.Build.0 = Release|Any CPU
		{BE236D9A-83E0-4291-B26F-164D06AACE8D}.Release|x86.ActiveCfg = Release|Any CPU
		{BE236D9A-83E0-4291-B26F-164D06AACE8D}.Release|x86.Build.0 = Release|Any CPU
	EndGlobalSection
	GlobalSection(SolutionProperties) = preSolution
		HideSolutionNode = FALSE
	EndGlobalSection
	GlobalSection(ExtensibilityGlobals) = postSolution
		SolutionGuid = {E77C4CC6-B468-4370-B183-00F1C202AA8F}
	EndGlobalSection
EndGlobal
